
Microsoft Visual Studio Solution File, Format Version 12.00
# Visual Studio 15
VisualStudioVersion = 15.0.28307.136
MinimumVisualStudioVersion = 10.0.40219.1
Project("{FAE04EC0-301F-11D3-BF4B-00C04F79EFBC}") = "SwissTransport", "src\SwissTransport\SwissTransport.csproj", "{D0262178-A48F-4DE0-807B-E76B63E39421}"
EndProject
Project("{FAE04EC0-301F-11D3-BF4B-00C04F79EFBC}") = "SwissTransportTest", "tests\SwissTransportTest\SwissTransportTest.csproj", "{959C6E54-5B1C-40F5-938A-C57B17451421}"
EndProject
Project("{FAE04EC0-301F-11D3-BF4B-00C04F79EFBC}") = "TransportAPP_GUI", "TransportAPP_GUI\TransportAPP_GUI.csproj", "{E3EADD8A-F27B-4EA2-B29B-D981E741C4CF}"
EndProject
Project("{54435603-DBB4-11D2-8724-00A0C9A8B90C}") = "SetupFahrplanAPP", "SetupFahrplanAPP\SetupFahrplanAPP.vdproj", "{2C0F8265-6EDE-4FA3-91A2-80F037FD6E12}"
EndProject
Global
	GlobalSection(SolutionConfigurationPlatforms) = preSolution
		Debug|Any CPU = Debug|Any CPU
		Release|Any CPU = Release|Any CPU
	EndGlobalSection
	GlobalSection(ProjectConfigurationPlatforms) = postSolution
		{D0262178-A48F-4DE0-807B-E76B63E39421}.Debug|Any CPU.ActiveCfg = Debug|Any CPU
		{D0262178-A48F-4DE0-807B-E76B63E39421}.Debug|Any CPU.Build.0 = Debug|Any CPU
		{D0262178-A48F-4DE0-807B-E76B63E39421}.Release|Any CPU.ActiveCfg = Release|Any CPU
		{D0262178-A48F-4DE0-807B-E76B63E39421}.Release|Any CPU.Build.0 = Release|Any CPU
		{959C6E54-5B1C-40F5-938A-C57B17451421}.Debug|Any CPU.ActiveCfg = Debug|Any CPU
		{959C6E54-5B1C-40F5-938A-C57B17451421}.Debug|Any CPU.Build.0 = Debug|Any CPU
		{959C6E54-5B1C-40F5-938A-C57B17451421}.Release|Any CPU.ActiveCfg = Release|Any CPU
		{959C6E54-5B1C-40F5-938A-C57B17451421}.Release|Any CPU.Build.0 = Release|Any CPU
		{E3EADD8A-F27B-4EA2-B29B-D981E741C4CF}.Debug|Any CPU.ActiveCfg = Debug|Any CPU
		{E3EADD8A-F27B-4EA2-B29B-D981E741C4CF}.Debug|Any CPU.Build.0 = Debug|Any CPU
		{E3EADD8A-F27B-4EA2-B29B-D981E741C4CF}.Release|Any CPU.ActiveCfg = Release|Any CPU
		{E3EADD8A-F27B-4EA2-B29B-D981E741C4CF}.Release|Any CPU.Build.0 = Release|Any CPU
		{2C0F8265-6EDE-4FA3-91A2-80F037FD6E12}.Debug|Any CPU.ActiveCfg = Debug
		{2C0F8265-6EDE-4FA3-91A2-80F037FD6E12}.Release|Any CPU.ActiveCfg = Release
	EndGlobalSection
	GlobalSection(SolutionProperties) = preSolution
		HideSolutionNode = FALSE
	EndGlobalSection
	GlobalSection(ExtensibilityGlobals) = postSolution
		SolutionGuid = {048F21E9-2DBD-45B9-AC78-FDD6E15F20F7}
	EndGlobalSection
EndGlobal
